
Microsoft Visual Studio Solution File, Format Version 12.00
# Visual Studio 15
VisualStudioVersion = 15.0.28307.489
MinimumVisualStudioVersion = 10.0.40219.1
Project("{8BC9CEB8-8B4A-11D0-8D11-00A0C91BC942}") = "vs_autodiff", "vs_autodiff\vs_autodiff.vcxproj", "{BCDEBCF3-C5A8-4445-99E9-24731715B527}"
EndProject
Project("{8BC9CEB8-8B4A-11D0-8D11-00A0C91BC942}") = "examples", "examples\examples.vcxproj", "{E9B07789-0318-40B2-880D-879C149648BC}"
EndProject
Project("{8BC9CEB8-8B4A-11D0-8D11-00A0C91BC942}") = "googletest", "googletest\googletest.vcxproj", "{79A6C0AE-BE6F-4914-8700-93D41AA247EF}"
EndProject
Global
	GlobalSection(SolutionConfigurationPlatforms) = preSolution
		Debug|x64 = Debug|x64
		Debug|x86 = Debug|x86
		Release|x64 = Release|x64
		Release|x86 = Release|x86
	EndGlobalSection
	GlobalSection(ProjectConfigurationPlatforms) = postSolution
		{BCDEBCF3-C5A8-4445-99E9-24731715B527}.Debug|x64.ActiveCfg = Debug|Win32
		{BCDEBCF3-C5A8-4445-99E9-24731715B527}.Debug|x64.Build.0 = Debug|Win32
		{BCDEBCF3-C5A8-4445-99E9-24731715B527}.Debug|x86.ActiveCfg = Debug|Win32
		{BCDEBCF3-C5A8-4445-99E9-24731715B527}.Debug|x86.Build.0 = Debug|Win32
		{BCDEBCF3-C5A8-4445-99E9-24731715B527}.Release|x64.ActiveCfg = Release|x64
		{BCDEBCF3-C5A8-4445-99E9-24731715B527}.Release|x64.Build.0 = Release|x64
		{BCDEBCF3-C5A8-4445-99E9-24731715B527}.Release|x86.ActiveCfg = Release|Win32
		{BCDEBCF3-C5A8-4445-99E9-24731715B527}.Release|x86.Build.0 = Release|Win32
		{E9B07789-0318-40B2-880D-879C149648BC}.Debug|x64.ActiveCfg = Debug|x64
		{E9B07789-0318-40B2-880D-879C149648BC}.Debug|x64.Build.0 = Debug|x64
		{E9B07789-0318-40B2-880D-879C149648BC}.Debug|x86.ActiveCfg = Debug|Win32
		{E9B07789-0318-40B2-880D-879C149648BC}.Debug|x86.Build.0 = Debug|Win32
		{E9B07789-0318-40B2-880D-879C149648BC}.Release|x64.ActiveCfg = Release|x64
		{E9B07789-0318-40B2-880D-879C149648BC}.Release|x64.Build.0 = Release|x64
		{E9B07789-0318-40B2-880D-879C149648BC}.Release|x86.ActiveCfg = Release|Win32
		{E9B07789-0318-40B2-880D-879C149648BC}.Release|x86.Build.0 = Release|Win32
		{79A6C0AE-BE6F-4914-8700-93D41AA247EF}.Debug|x64.ActiveCfg = Debug|x64
		{79A6C0AE-BE6F-4914-8700-93D41AA247EF}.Debug|x64.Build.0 = Debug|x64
		{79A6C0AE-BE6F-4914-8700-93D41AA247EF}.Debug|x86.ActiveCfg = Debug|Win32
		{79A6C0AE-BE6F-4914-8700-93D41AA247EF}.Debug|x86.Build.0 = Debug|Win32
		{79A6C0AE-BE6F-4914-8700-93D41AA247EF}.Release|x64.ActiveCfg = Release|x64
		{79A6C0AE-BE6F-4914-8700-93D41AA247EF}.Release|x64.Build.0 = Release|x64
		{79A6C0AE-BE6F-4914-8700-93D41AA247EF}.Release|x86.ActiveCfg = Release|Win32
		{79A6C0AE-BE6F-4914-8700-93D41AA247EF}.Release|x86.Build.0 = Release|Win32
	EndGlobalSection
	GlobalSection(SolutionProperties) = preSolution
		HideSolutionNode = FALSE
	EndGlobalSection
	GlobalSection(ExtensibilityGlobals) = postSolution
		SolutionGuid = {2B78C245-9D16-4D32-9142-55D4F47D2EFB}
	EndGlobalSection
EndGlobal
